
Microsoft Visual Studio Solution File, Format Version 12.00
# Visual Studio Version 17
VisualStudioVersion = 17.4.33205.214
MinimumVisualStudioVersion = 10.0.40219.1
Project("{FAE04EC0-301F-11D3-BF4B-00C04F79EFBC}") = "Rename_Later", "Rename_Later\Rename_Later.csproj", "{418FB0B3-BB5D-4A1A-B09F-D7C6B8B8DB26}"
EndProject
Global
	GlobalSection(SolutionConfigurationPlatforms) = preSolution
		Debug|Any CPU = Debug|Any CPU
		Release|Any CPU = Release|Any CPU
	EndGlobalSection
	GlobalSection(ProjectConfigurationPlatforms) = postSolution
		{418FB0B3-BB5D-4A1A-B09F-D7C6B8B8DB26}.Debug|Any CPU.ActiveCfg = Debug|Any CPU
		{418FB0B3-BB5D-4A1A-B09F-D7C6B8B8DB26}.Debug|Any CPU.Build.0 = Debug|Any CPU
		{418FB0B3-BB5D-4A1A-B09F-D7C6B8B8DB26}.Release|Any CPU.ActiveCfg = Release|Any CPU
		{418FB0B3-BB5D-4A1A-B09F-D7C6B8B8DB26}.Release|Any CPU.Build.0 = Release|Any CPU
	EndGlobalSection
	GlobalSection(SolutionProperties) = preSolution
		HideSolutionNode = FALSE
	EndGlobalSection
	GlobalSection(ExtensibilityGlobals) = postSolution
		SolutionGuid = {CA6510FA-A42B-496A-9008-BE043D49350D}
	EndGlobalSection
EndGlobal
